
Microsoft Visual Studio Solution File, Format Version 12.00
# Visual Studio Version 16
VisualStudioVersion = 16.0.30503.244
MinimumVisualStudioVersion = 10.0.40219.1
Project("{FAE04EC0-301F-11D3-BF4B-00C04F79EFBC}") = "astrobasic", "astrobasic.csproj", "{C93224F1-B748-4CEA-85C5-FBD77E4BEFE6}"
EndProject
Global
	GlobalSection(SolutionConfigurationPlatforms) = preSolution
		Debug|Any CPU = Debug|Any CPU
		Release|Any CPU = Release|Any CPU
	EndGlobalSection
	GlobalSection(ProjectConfigurationPlatforms) = postSolution
		{C93224F1-B748-4CEA-85C5-FBD77E4BEFE6}.Debug|Any CPU.ActiveCfg = Debug|Any CPU
		{C93224F1-B748-4CEA-85C5-FBD77E4BEFE6}.Debug|Any CPU.Build.0 = Debug|Any CPU
		{C93224F1-B748-4CEA-85C5-FBD77E4BEFE6}.Release|Any CPU.ActiveCfg = Release|Any CPU
		{C93224F1-B748-4CEA-85C5-FBD77E4BEFE6}.Release|Any CPU.Build.0 = Release|Any CPU
	EndGlobalSection
	GlobalSection(SolutionProperties) = preSolution
		HideSolutionNode = FALSE
	EndGlobalSection
	GlobalSection(ExtensibilityGlobals) = postSolution
		SolutionGuid = {8A9129B7-B48D-4AC3-9CAC-305788C0FC29}
	EndGlobalSection
EndGlobal
